// !$*UTF8*$!
{
	archiveVersion = 1;
	classes = {
	};
	objectVersion = 46;
	objects = {

/* Begin PBXBuildFile section */
		2AFAE7A41B274D07006ED2EA /* AppDelegate.swift in Sources */ = {isa = PBXBuildFile; fileRef = 2AFAE7A31B274D07006ED2EA /* AppDelegate.swift */; };
		2AFAE7A91B274D07006ED2EA /* Main.storyboard in Resources */ = {isa = PBXBuildFile; fileRef = 2AFAE7A71B274D07006ED2EA /* Main.storyboard */; };
		2AFAE7AB1B274D07006ED2EA /* Images.xcassets in Resources */ = {isa = PBXBuildFile; fileRef = 2AFAE7AA1B274D07006ED2EA /* Images.xcassets */; };
		2AFAE7AE1B274D07006ED2EA /* LaunchScreen.xib in Resources */ = {isa = PBXBuildFile; fileRef = 2AFAE7AC1B274D07006ED2EA /* LaunchScreen.xib */; };
		2AFAE7BA1B274D07006ED2EA /* Flick_FinderTests.swift in Sources */ = {isa = PBXBuildFile; fileRef = 2AFAE7B91B274D07006ED2EA /* Flick_FinderTests.swift */; };
		2AFAE7C41B274D62006ED2EA /* ImageFinderViewController.swift in Sources */ = {isa = PBXBuildFile; fileRef = 2AFAE7C31B274D62006ED2EA /* ImageFinderViewController.swift */; };
/* End PBXBuildFile section */

/* Begin PBXContainerItemProxy section */
		2AFAE7B41B274D07006ED2EA /* PBXContainerItemProxy */ = {
			isa = PBXContainerItemProxy;
			containerPortal = 2AFAE7961B274D07006ED2EA /* Project object */;
			proxyType = 1;
			remoteGlobalIDString = 2AFAE79D1B274D07006ED2EA;
			remoteInfo = "Flick Finder";
		};
/* End PBXContainerItemProxy section */

/* Begin PBXFileReference section */
		2AFAE79E1B274D07006ED2EA /* Flick Finder.app */ = {isa = PBXFileReference; explicitFileType = wrapper.application; includeInIndex = 0; path = "Flick Finder.app"; sourceTree = BUILT_PRODUCTS_DIR; };
		2AFAE7A21B274D07006ED2EA /* Info.plist */ = {isa = PBXFileReference; lastKnownFileType = text.plist.xml; path = Info.plist; sourceTree = "<group>"; };
		2AFAE7A31B274D07006ED2EA /* AppDelegate.swift */ = {isa = PBXFileReference; lastKnownFileType = sourcecode.swift; path = AppDelegate.swift; sourceTree = "<group>"; };
		2AFAE7A81B274D07006ED2EA /* Base */ = {isa = PBXFileReference; lastKnownFileType = file.storyboard; name = Base; path = Base.lproj/Main.storyboard; sourceTree = "<group>"; };
		2AFAE7AA1B274D07006ED2EA /* Images.xcassets */ = {isa = PBXFileReference; lastKnownFileType = folder.assetcatalog; path = Images.xcassets; sourceTree = "<group>"; };
		2AFAE7AD1B274D07006ED2EA /* Base */ = {isa = PBXFileReference; lastKnownFileType = file.xib; name = Base; path = Base.lproj/LaunchScreen.xib; sourceTree = "<group>"; };
		2AFAE7B31B274D07006ED2EA /* Flick FinderTests.xctest */ = {isa = PBXFileReference; explicitFileType = wrapper.cfbundle; includeInIndex = 0; path = "Flick FinderTests.xctest"; sourceTree = BUILT_PRODUCTS_DIR; };
		2AFAE7B81B274D07006ED2EA /* Info.plist */ = {isa = PBXFileReference; lastKnownFileType = text.plist.xml; path = Info.plist; sourceTree = "<group>"; };
		2AFAE7B91B274D07006ED2EA /* Flick_FinderTests.swift */ = {isa = PBXFileReference; lastKnownFileType = sourcecode.swift; path = Flick_FinderTests.swift; sourceTree = "<group>"; };
		2AFAE7C31B274D62006ED2EA /* ImageFinderViewController.swift */ = {isa = PBXFileReference; fileEncoding = 4; lastKnownFileType = sourcecode.swift; path = ImageFinderViewController.swift; sourceTree = "<group>"; };
/* End PBXFileReference section */

/* Begin PBXFrameworksBuildPhase section */
		2AFAE79B1B274D07006ED2EA /* Frameworks */ = {
			isa = PBXFrameworksBuildPhase;
			buildActionMask = 2147483647;
			files = (
			);
			runOnlyForDeploymentPostprocessing = 0;
		};
		2AFAE7B01B274D07006ED2EA /* Frameworks */ = {
			isa = PBXFrameworksBuildPhase;
			buildActionMask = 2147483647;
			files = (
			);
			runOnlyForDeploymentPostprocessing = 0;
		};
/* End PBXFrameworksBuildPhase section */

/* Begin PBXGroup section */
		2AFAE7951B274D07006ED2EA = {
			isa = PBXGroup;
			children = (
				2AFAE7A01B274D07006ED2EA /* Flick Finder */,
				2AFAE7B61B274D07006ED2EA /* Flick FinderTests */,
				2AFAE79F1B274D07006ED2EA /* Products */,
			);
			sourceTree = "<group>";
		};
		2AFAE79F1B274D07006ED2EA /* Products */ = {
			isa = PBXGroup;
			children = (
				2AFAE79E1B274D07006ED2EA /* Flick Finder.app */,
				2AFAE7B31B274D07006ED2EA /* Flick FinderTests.xctest */,
			);
			name = Products;
			sourceTree = "<group>";
		};
		2AFAE7A01B274D07006ED2EA /* Flick Finder */ = {
			isa = PBXGroup;
			children = (
				2AFAE7A71B274D07006ED2EA /* Main.storyboard */,
				2AFAE7C31B274D62006ED2EA /* ImageFinderViewController.swift */,
				2AFAE7A11B274D07006ED2EA /* Supporting Files */,
			);
			path = "Flick Finder";
			sourceTree = "<group>";
		};
		2AFAE7A11B274D07006ED2EA /* Supporting Files */ = {
			isa = PBXGroup;
			children = (
				2AFAE7A31B274D07006ED2EA /* AppDelegate.swift */,
				2AFAE7AA1B274D07006ED2EA /* Images.xcassets */,
				2AFAE7A21B274D07006ED2EA /* Info.plist */,
				2AFAE7AC1B274D07006ED2EA /* LaunchScreen.xib */,
			);
			name = "Supporting Files";
			sourceTree = "<group>";
		};
		2AFAE7B61B274D07006ED2EA /* Flick FinderTests */ = {
			isa = PBXGroup;
			children = (
				2AFAE7B91B274D07006ED2EA /* Flick_FinderTests.swift */,
				2AFAE7B71B274D07006ED2EA /* Supporting Files */,
			);
			path = "Flick FinderTests";
			sourceTree = "<group>";
		};
		2AFAE7B71B274D07006ED2EA /* Supporting Files */ = {
			isa = PBXGroup;
			children = (
				2AFAE7B81B274D07006ED2EA /* Info.plist */,
			);
			name = "Supporting Files";
			sourceTree = "<group>";
		};
/* End PBXGroup section */

/* Begin PBXNativeTarget section */
		2AFAE79D1B274D07006ED2EA /* Flick Finder */ = {
			isa = PBXNativeTarget;
			buildConfigurationList = 2AFAE7BD1B274D07006ED2EA /* Build configuration list for PBXNativeTarget "Flick Finder" */;
			buildPhases = (
				2AFAE79A1B274D07006ED2EA /* Sources */,
				2AFAE79B1B274D07006ED2EA /* Frameworks */,
				2AFAE79C1B274D07006ED2EA /* Resources */,
			);
			buildRules = (
			);
			dependencies = (
			);
			name = "Flick Finder";
			productName = "Flick Finder";
			productReference = 2AFAE79E1B274D07006ED2EA /* Flick Finder.app */;
			productType = "com.apple.product-type.application";
		};
		2AFAE7B21B274D07006ED2EA /* Flick FinderTests */ = {
			isa = PBXNativeTarget;
			buildConfigurationList = 2AFAE7C01B274D07006ED2EA /* Build configuration list for PBXNativeTarget "Flick FinderTests" */;
			buildPhases = (
				2AFAE7AF1B274D07006ED2EA /* Sources */,
				2AFAE7B01B274D07006ED2EA /* Frameworks */,
				2AFAE7B11B274D07006ED2EA /* Resources */,
			);
			buildRules = (
			);
			dependencies = (
				2AFAE7B51B274D07006ED2EA /* PBXTargetDependency */,
			);
			name = "Flick FinderTests";
			productName = "Flick FinderTests";
			productReference = 2AFAE7B31B274D07006ED2EA /* Flick FinderTests.xctest */;
			productType = "com.apple.product-type.bundle.unit-test";
		};
/* End PBXNativeTarget section */

/* Begin PBXProject section */
		2AFAE7961B274D07006ED2EA /* Project object */ = {
			isa = PBXProject;
			attributes = {
				LastUpgradeCheck = 0630;
				ORGANIZATIONNAME = "Oleksandr Iaroshenko";
				TargetAttributes = {
					2AFAE79D1B274D07006ED2EA = {
						CreatedOnToolsVersion = 6.3.2;
					};
					2AFAE7B21B274D07006ED2EA = {
						CreatedOnToolsVersion = 6.3.2;
						TestTargetID = 2AFAE79D1B274D07006ED2EA;
					};
				};
			};
			buildConfigurationList = 2AFAE7991B274D07006ED2EA /* Build configuration list for PBXProject "Flick Finder" */;
			compatibilityVersion = "Xcode 3.2";
			developmentRegion = English;
			hasScannedForEncodings = 0;
			knownRegions = (
				en,
				Base,
			);
			mainGroup = 2AFAE7951B274D07006ED2EA;
			productRefGroup = 2AFAE79F1B274D07006ED2EA /* Products */;
			projectDirPath = "";
			projectRoot = "";
			targets = (
				2AFAE79D1B274D07006ED2EA /* Flick Finder */,
				2AFAE7B21B274D07006ED2EA /* Flick FinderTests */,
			);
		};
/* End PBXProject section */

/* Begin PBXResourcesBuildPhase section */
		2AFAE79C1B274D07006ED2EA /* Resources */ = {
			isa = PBXResourcesBuildPhase;
			buildActionMask = 2147483647;
			files = (
				2AFAE7A91B274D07006ED2EA /* Main.storyboard in Resources */,
				2AFAE7AE1B274D07006ED2EA /* LaunchScreen.xib in Resources */,
				2AFAE7AB1B274D07006ED2EA /* Images.xcassets in Resources */,
			);
			runOnlyForDeploymentPostprocessing = 0;
		};
		2AFAE7B11B274D07006ED2EA /* Resources */ = {
			isa = PBXResourcesBuildPhase;
			buildActionMask = 2147483647;
			files = (
			);
			runOnlyForDeploymentPostprocessing = 0;
		};
/* End PBXResourcesBuildPhase section */

/* Begin PBXSourcesBuildPhase section */
		2AFAE79A1B274D07006ED2EA /* Sources */ = {
			isa = PBXSourcesBuildPhase;
			buildActionMask = 2147483647;
			files = (
				2AFAE7C41B274D62006ED2EA /* ImageFinderViewController.swift in Sources */,
				2AFAE7A41B274D07006ED2EA /* AppDelegate.swift in Sources */,
			);
			runOnlyForDeploymentPostprocessing = 0;
		};
		2AFAE7AF1B274D07006ED2EA /* Sources */ = {
			isa = PBXSourcesBuildPhase;
			buildActionMask = 2147483647;
			files = (
				2AFAE7BA1B274D07006ED2EA /* Flick_FinderTests.swift in Sources */,
			);
			runOnlyForDeploymentPostprocessing = 0;
		};
/* End PBXSourcesBuildPhase section */

/* Begin PBXTargetDependency section */
		2AFAE7B51B274D07006ED2EA /* PBXTargetDependency */ = {
			isa = PBXTargetDependency;
			target = 2AFAE79D1B274D07006ED2EA /* Flick Finder */;
			targetProxy = 2AFAE7B41B274D07006ED2EA /* PBXContainerItemProxy */;
		};
/* End PBXTargetDependency section */

/* Begin PBXVariantGroup section */
		2AFAE7A71B274D07006ED2EA /* Main.storyboard */ = {
			isa = PBXVariantGroup;
			children = (
				2AFAE7A81B274D07006ED2EA /* Base */,
			);
			name = Main.storyboard;
			sourceTree = "<group>";
		};
		2AFAE7AC1B274D07006ED2EA /* LaunchScreen.xib */ = {
			isa = PBXVariantGroup;
			children = (
				2AFAE7AD1B274D07006ED2EA /* Base */,
			);
			name = LaunchScreen.xib;
			sourceTree = "<group>";
		};
/* End PBXVariantGroup section */

/* Begin XCBuildConfiguration section */
		2AFAE7BB1B274D07006ED2EA /* Debug */ = {
			isa = XCBuildConfiguration;
			buildSettings = {
				ALWAYS_SEARCH_USER_PATHS = NO;
				CLANG_CXX_LANGUAGE_STANDARD = "gnu++0x";
				CLANG_CXX_LIBRARY = "libc++";
				CLANG_ENABLE_MODULES = YES;
				CLANG_ENABLE_OBJC_ARC = YES;
				CLANG_WARN_BOOL_CONVERSION = YES;
				CLANG_WARN_CONSTANT_CONVERSION = YES;
				CLANG_WARN_DIRECT_OBJC_ISA_USAGE = YES_ERROR;
				CLANG_WARN_EMPTY_BODY = YES;
				CLANG_WARN_ENUM_CONVERSION = YES;
				CLANG_WARN_INT_CONVERSION = YES;
				CLANG_WARN_OBJC_ROOT_CLASS = YES_ERROR;
				CLANG_WARN_UNREACHABLE_CODE = YES;
				CLANG_WARN__DUPLICATE_METHOD_MATCH = YES;
				"CODE_SIGN_IDENTITY[sdk=iphoneos*]" = "iPhone Developer";
				COPY_PHASE_STRIP = NO;
				DEBUG_INFORMATION_FORMAT = "dwarf-with-dsym";
				ENABLE_STRICT_OBJC_MSGSEND = YES;
				GCC_C_LANGUAGE_STANDARD = gnu99;
				GCC_DYNAMIC_NO_PIC = NO;
				GCC_NO_COMMON_BLOCKS = YES;
				GCC_OPTIMIZATION_LEVEL = 0;
				GCC_PREPROCESSOR_DEFINITIONS = (
					"DEBUG=1",
					"$(inherited)",
				);
				GCC_SYMBOLS_PRIVATE_EXTERN = NO;
				GCC_WARN_64_TO_32_BIT_CONVERSION = YES;
				GCC_WARN_ABOUT_RETURN_TYPE = YES_ERROR;
				GCC_WARN_UNDECLARED_SELECTOR = YES;
				GCC_WARN_UNINITIALIZED_AUTOS = YES_AGGRESSIVE;
				GCC_WARN_UNUSED_FUNCTION = YES;
				GCC_WARN_UNUSED_VARIABLE = YES;
				IPHONEOS_DEPLOYMENT_TARGET = 8.3;
				MTL_ENABLE_DEBUG_INFO = YES;
				ONLY_ACTIVE_ARCH = YES;
				SDKROOT = iphoneos;
				SWIFT_OPTIMIZATION_LEVEL = "-Onone";
				TARGETED_DEVICE_FAMILY = "1,2";
			};
			name = Debug;
		};
		2AFAE7BC1B274D07006ED2EA /* Release */ = {
			isa = XCBuildConfiguration;
			buildSettings = {
				ALWAYS_SEARCH_USER_PATHS = NO;
				CLANG_CXX_LANGUAGE_STANDARD = "gnu++0x";
				CLANG_CXX_LIBRARY = "libc++";
				CLANG_ENABLE_MODULES = YES;
				CLANG_ENABLE_OBJC_ARC = YES;
				CLANG_WARN_BOOL_CONVERSION = YES;
				CLANG_WARN_CONSTANT_CONVERSION = YES;
				CLANG_WARN_DIRECT_OBJC_ISA_USAGE = YES_ERROR;
				CLANG_WARN_EMPTY_BODY = YES;
				CLANG_WARN_ENUM_CONVERSION = YES;
				CLANG_WARN_INT_CONVERSION = YES;
				CLANG_WARN_OBJC_ROOT_CLASS = YES_ERROR;
				CLANG_WARN_UNREACHABLE_CODE = YES;
				CLANG_WARN__DUPLICATE_METHOD_MATCH = YES;
				"CODE_SIGN_IDENTITY[sdk=iphoneos*]" = "iPhone Developer";
				COPY_PHASE_STRIP = NO;
				DEBUG_INFORMATION_FORMAT = "dwarf-with-dsym";
				ENABLE_NS_ASSERTIONS = NO;
				ENABLE_STRICT_OBJC_MSGSEND = YES;
				GCC_C_LANGUAGE_STANDARD = gnu99;
				GCC_NO_COMMON_BLOCKS = YES;
				GCC_WARN_64_TO_32_BIT_CONVERSION = YES;
				GCC_WARN_ABOUT_RETURN_TYPE = YES_ERROR;
				GCC_WARN_UNDECLARED_SELECTOR = YES;
				GCC_WARN_UNINITIALIZED_AUTOS = YES_AGGRESSIVE;
				GCC_WARN_UNUSED_FUNCTION = YES;
				GCC_WARN_UNUSED_VARIABLE = YES;
				IPHONEOS_DEPLOYMENT_TARGET = 8.3;
				MTL_ENABLE_DEBUG_INFO = NO;
				SDKROOT = iphoneos;
				TARGETED_DEVICE_FAMILY = "1,2";
				VALIDATE_PRODUCT = YES;
			};
			name = Release;
		};
		2AFAE7BE1B274D07006ED2EA /* Debug */ = {
			isa = XCBuildConfiguration;
			buildSettings = {
				ASSETCATALOG_COMPILER_APPICON_NAME = AppIcon;
				INFOPLIST_FILE = "Flick Finder/Info.plist";
				LD_RUNPATH_SEARCH_PATHS = "$(inherited) @executable_path/Frameworks";
				PRODUCT_NAME = "$(TARGET_NAME)";
			};
			name = Debug;
		};
		2AFAE7BF1B274D07006ED2EA /* Release */ = {
			isa = XCBuildConfiguration;
			buildSettings = {
				ASSETCATALOG_COMPILER_APPICON_NAME = AppIcon;
				INFOPLIST_FILE = "Flick Finder/Info.plist";
				LD_RUNPATH_SEARCH_PATHS = "$(inherited) @executable_path/Frameworks";
				PRODUCT_NAME = "$(TARGET_NAME)";
			};
			name = Release;
		};
		2AFAE7C11B274D07006ED2EA /* Debug */ = {
			isa = XCBuildConfiguration;
			buildSettings = {
				BUNDLE_LOADER = "$(TEST_HOST)";
				FRAMEWORK_SEARCH_PATHS = (
					"$(SDKROOT)/Developer/Library/Frameworks",
					"$(inherited)",
				);
				GCC_PREPROCESSOR_DEFINITIONS = (
					"DEBUG=1",
					"$(inherited)",
				);
				INFOPLIST_FILE = "Flick FinderTests/Info.plist";
				LD_RUNPATH_SEARCH_PATHS = "$(inherited) @executable_path/Frameworks @loader_path/Frameworks";
				PRODUCT_NAME = "$(TARGET_NAME)";
				TEST_HOST = "$(BUILT_PRODUCTS_DIR)/Flick Finder.app/Flick Finder";
			};
			name = Debug;
		};
		2AFAE7C21B274D07006ED2EA /* Release */ = {
			isa = XCBuildConfiguration;
			buildSettings = {
				BUNDLE_LOADER = "$(TEST_HOST)";
				FRAMEWORK_SEARCH_PATHS = (
					"$(SDKROOT)/Developer/Library/Frameworks",
					"$(inherited)",
				);
				INFOPLIST_FILE = "Flick FinderTests/Info.plist";
				LD_RUNPATH_SEARCH_PATHS = "$(inherited) @executable_path/Frameworks @loader_path/Frameworks";
				PRODUCT_NAME = "$(TARGET_NAME)";
				TEST_HOST = "$(BUILT_PRODUCTS_DIR)/Flick Finder.app/Flick Finder";
			};
			name = Release;
		};
/* End XCBuildConfiguration section */

/* Begin XCConfigurationList section */
		2AFAE7991B274D07006ED2EA /* Build configuration list for PBXProject "Flick Finder" */ = {
			isa = XCConfigurationList;
			buildConfigurations = (
				2AFAE7BB1B274D07006ED2EA /* Debug */,
				2AFAE7BC1B274D07006ED2EA /* Release */,
			);
			defaultConfigurationIsVisible = 0;
			defaultConfigurationName = Release;
		};
		2AFAE7BD1B274D07006ED2EA /* Build configuration list for PBXNativeTarget "Flick Finder" */ = {
			isa = XCConfigurationList;
			buildConfigurations = (
				2AFAE7BE1B274D07006ED2EA /* Debug */,
				2AFAE7BF1B274D07006ED2EA /* Release */,
			);
			defaultConfigurationIsVisible = 0;
		};
		2AFAE7C01B274D07006ED2EA /* Build configuration list for PBXNativeTarget "Flick FinderTests" */ = {
			isa = XCConfigurationList;
			buildConfigurations = (
				2AFAE7C11B274D07006ED2EA /* Debug */,
				2AFAE7C21B274D07006ED2EA /* Release */,
			);
			defaultConfigurationIsVisible = 0;
		};
/* End XCConfigurationList section */
	};
	rootObject = 2AFAE7961B274D07006ED2EA /* Project object */;
}
